
Microsoft Visual Studio Solution File, Format Version 12.00
# Visual Studio 2012
Project("{FAE04EC0-301F-11D3-BF4B-00C04F79EFBC}") = "client", "client\client.csproj", "{DEB6AA2D-6587-4D02-BEEA-7A5CC0B9F617}"
EndProject
Project("{FAE04EC0-301F-11D3-BF4B-00C04F79EFBC}") = "Contracts", "Contracts\Contracts.csproj", "{EE54618B-DAC7-41B9-ACB5-9C2D08D46C57}"
EndProject
Project("{FAE04EC0-301F-11D3-BF4B-00C04F79EFBC}") = "DBservice", "DBservice\DBservice.csproj", "{6372BA5B-D07A-41CC-BC35-FBEDC00FEB78}"
EndProject
Project("{FAE04EC0-301F-11D3-BF4B-00C04F79EFBC}") = "DBhost", "DBhost\DBhost.csproj", "{703144A1-6182-4CD9-8043-072BF6FB149C}"
EndProject
Project("{FAE04EC0-301F-11D3-BF4B-00C04F79EFBC}") = "GameService", "GameService\GameService.csproj", "{0EE4DDCF-07B1-4FDA-991A-F4B0AE50EE8D}"
EndProject
Project("{FAE04EC0-301F-11D3-BF4B-00C04F79EFBC}") = "GameHost", "GameHost\GameHost.csproj", "{1D0E9128-012F-4839-BEA9-F117DFFC55AA}"
EndProject
Project("{FAE04EC0-301F-11D3-BF4B-00C04F79EFBC}") = "LinqToSql", "LinqToSql\LinqToSql.csproj", "{C6010F7E-06E9-41D6-8BAA-0E69412CC047}"
EndProject
Global
	GlobalSection(SolutionConfigurationPlatforms) = preSolution
		Debug|Any CPU = Debug|Any CPU
		Release|Any CPU = Release|Any CPU
	EndGlobalSection
	GlobalSection(ProjectConfigurationPlatforms) = postSolution
		{DEB6AA2D-6587-4D02-BEEA-7A5CC0B9F617}.Debug|Any CPU.ActiveCfg = Debug|Any CPU
		{DEB6AA2D-6587-4D02-BEEA-7A5CC0B9F617}.Debug|Any CPU.Build.0 = Debug|Any CPU
		{DEB6AA2D-6587-4D02-BEEA-7A5CC0B9F617}.Release|Any CPU.ActiveCfg = Release|Any CPU
		{DEB6AA2D-6587-4D02-BEEA-7A5CC0B9F617}.Release|Any CPU.Build.0 = Release|Any CPU
		{EE54618B-DAC7-41B9-ACB5-9C2D08D46C57}.Debug|Any CPU.ActiveCfg = Debug|Any CPU
		{EE54618B-DAC7-41B9-ACB5-9C2D08D46C57}.Debug|Any CPU.Build.0 = Debug|Any CPU
		{EE54618B-DAC7-41B9-ACB5-9C2D08D46C57}.Release|Any CPU.ActiveCfg = Release|Any CPU
		{EE54618B-DAC7-41B9-ACB5-9C2D08D46C57}.Release|Any CPU.Build.0 = Release|Any CPU
		{6372BA5B-D07A-41CC-BC35-FBEDC00FEB78}.Debug|Any CPU.ActiveCfg = Debug|Any CPU
		{6372BA5B-D07A-41CC-BC35-FBEDC00FEB78}.Debug|Any CPU.Build.0 = Debug|Any CPU
		{6372BA5B-D07A-41CC-BC35-FBEDC00FEB78}.Release|Any CPU.ActiveCfg = Release|Any CPU
		{6372BA5B-D07A-41CC-BC35-FBEDC00FEB78}.Release|Any CPU.Build.0 = Release|Any CPU
		{703144A1-6182-4CD9-8043-072BF6FB149C}.Debug|Any CPU.ActiveCfg = Debug|Any CPU
		{703144A1-6182-4CD9-8043-072BF6FB149C}.Debug|Any CPU.Build.0 = Debug|Any CPU
		{703144A1-6182-4CD9-8043-072BF6FB149C}.Release|Any CPU.ActiveCfg = Release|Any CPU
		{703144A1-6182-4CD9-8043-072BF6FB149C}.Release|Any CPU.Build.0 = Release|Any CPU
		{0EE4DDCF-07B1-4FDA-991A-F4B0AE50EE8D}.Debug|Any CPU.ActiveCfg = Debug|Any CPU
		{0EE4DDCF-07B1-4FDA-991A-F4B0AE50EE8D}.Debug|Any CPU.Build.0 = Debug|Any CPU
		{0EE4DDCF-07B1-4FDA-991A-F4B0AE50EE8D}.Release|Any CPU.ActiveCfg = Release|Any CPU
		{0EE4DDCF-07B1-4FDA-991A-F4B0AE50EE8D}.Release|Any CPU.Build.0 = Release|Any CPU
		{1D0E9128-012F-4839-BEA9-F117DFFC55AA}.Debug|Any CPU.ActiveCfg = Debug|Any CPU
		{1D0E9128-012F-4839-BEA9-F117DFFC55AA}.Debug|Any CPU.Build.0 = Debug|Any CPU
		{1D0E9128-012F-4839-BEA9-F117DFFC55AA}.Release|Any CPU.ActiveCfg = Release|Any CPU
		{1D0E9128-012F-4839-BEA9-F117DFFC55AA}.Release|Any CPU.Build.0 = Release|Any CPU
		{C6010F7E-06E9-41D6-8BAA-0E69412CC047}.Debug|Any CPU.ActiveCfg = Debug|Any CPU
		{C6010F7E-06E9-41D6-8BAA-0E69412CC047}.Debug|Any CPU.Build.0 = Debug|Any CPU
		{C6010F7E-06E9-41D6-8BAA-0E69412CC047}.Release|Any CPU.ActiveCfg = Release|Any CPU
		{C6010F7E-06E9-41D6-8BAA-0E69412CC047}.Release|Any CPU.Build.0 = Release|Any CPU
	EndGlobalSection
	GlobalSection(SolutionProperties) = preSolution
		HideSolutionNode = FALSE
	EndGlobalSection
EndGlobal
